
Microsoft Visual Studio Solution File, Format Version 12.00
# Visual Studio Version 16
VisualStudioVersion = 16.0.30114.105
MinimumVisualStudioVersion = 10.0.40219.1
Project("{F184B08F-C81C-45F6-A57F-5ABD9991F28F}") = "PrimerEjercicio", "PrimerEjercicio\PrimerEjercicio.vbproj", "{6B4F1961-4F84-4225-8865-A0BA9164723A}"
EndProject
Project("{F184B08F-C81C-45F6-A57F-5ABD9991F28F}") = "validaciones", "validaciones\validaciones.vbproj", "{0DF6D027-905D-423D-BBE4-3F1395537DA6}"
EndProject
Global
	GlobalSection(SolutionConfigurationPlatforms) = preSolution
		Debug|Any CPU = Debug|Any CPU
		Release|Any CPU = Release|Any CPU
	EndGlobalSection
	GlobalSection(ProjectConfigurationPlatforms) = postSolution
		{6B4F1961-4F84-4225-8865-A0BA9164723A}.Debug|Any CPU.ActiveCfg = Debug|Any CPU
		{6B4F1961-4F84-4225-8865-A0BA9164723A}.Debug|Any CPU.Build.0 = Debug|Any CPU
		{6B4F1961-4F84-4225-8865-A0BA9164723A}.Release|Any CPU.ActiveCfg = Release|Any CPU
		{6B4F1961-4F84-4225-8865-A0BA9164723A}.Release|Any CPU.Build.0 = Release|Any CPU
		{0DF6D027-905D-423D-BBE4-3F1395537DA6}.Debug|Any CPU.ActiveCfg = Debug|Any CPU
		{0DF6D027-905D-423D-BBE4-3F1395537DA6}.Debug|Any CPU.Build.0 = Debug|Any CPU
		{0DF6D027-905D-423D-BBE4-3F1395537DA6}.Release|Any CPU.ActiveCfg = Release|Any CPU
		{0DF6D027-905D-423D-BBE4-3F1395537DA6}.Release|Any CPU.Build.0 = Release|Any CPU
	EndGlobalSection
	GlobalSection(SolutionProperties) = preSolution
		HideSolutionNode = FALSE
	EndGlobalSection
	GlobalSection(ExtensibilityGlobals) = postSolution
		SolutionGuid = {6D49D6BD-34FC-49F2-82A2-4CA60AEF5DD5}
	EndGlobalSection
EndGlobal
