
Microsoft Visual Studio Solution File, Format Version 12.00
# Visual Studio Version 16
VisualStudioVersion = 16.0.30114.105
MinimumVisualStudioVersion = 10.0.40219.1
Project("{F184B08F-C81C-45F6-A57F-5ABD9991F28F}") = "Venta de Instrumentos", "Venta de Instrumentos\Venta de Instrumentos.vbproj", "{98ACD900-C47E-4913-8821-C30868115DC1}"
EndProject
Project("{2150E333-8FDC-42A3-9474-1A3956D46DE8}") = "Solution Items", "Solution Items", "{E78C7CEE-D038-416B-BA67-34B76E95273F}"
	ProjectSection(SolutionItems) = preProject
		..\..\..\..\..\..\Desktop\PROGRAMACION ENTORNO DESARROLLO VISUAL\CicloFor\CicloFor.sln = ..\..\..\..\..\..\Desktop\PROGRAMACION ENTORNO DESARROLLO VISUAL\CicloFor\CicloFor.sln
	EndProjectSection
EndProject
Global
	GlobalSection(SolutionConfigurationPlatforms) = preSolution
		Debug|Any CPU = Debug|Any CPU
		Release|Any CPU = Release|Any CPU
	EndGlobalSection
	GlobalSection(ProjectConfigurationPlatforms) = postSolution
		{98ACD900-C47E-4913-8821-C30868115DC1}.Debug|Any CPU.ActiveCfg = Debug|Any CPU
		{98ACD900-C47E-4913-8821-C30868115DC1}.Debug|Any CPU.Build.0 = Debug|Any CPU
		{98ACD900-C47E-4913-8821-C30868115DC1}.Release|Any CPU.ActiveCfg = Release|Any CPU
		{98ACD900-C47E-4913-8821-C30868115DC1}.Release|Any CPU.Build.0 = Release|Any CPU
	EndGlobalSection
	GlobalSection(SolutionProperties) = preSolution
		HideSolutionNode = FALSE
	EndGlobalSection
	GlobalSection(ExtensibilityGlobals) = postSolution
		SolutionGuid = {B3281206-5CED-44F2-8FA6-06F4F8D7D060}
	EndGlobalSection
EndGlobal
